
Microsoft Visual Studio Solution File, Format Version 12.00
# Visual Studio Version 17
VisualStudioVersion = 17.8.34330.188
MinimumVisualStudioVersion = 10.0.40219.1
Project("{888888A0-9F3D-457C-B088-3A5042F75D52}") = "Scrapper", "Scrapper.pyproj", "{F263076B-714D-4B70-8F00-7D77AC32A5F6}"
EndProject
Global
	GlobalSection(SolutionConfigurationPlatforms) = preSolution
		Debug|Any CPU = Debug|Any CPU
		Release|Any CPU = Release|Any CPU
	EndGlobalSection
	GlobalSection(ProjectConfigurationPlatforms) = postSolution
		{F263076B-714D-4B70-8F00-7D77AC32A5F6}.Debug|Any CPU.ActiveCfg = Debug|Any CPU
		{F263076B-714D-4B70-8F00-7D77AC32A5F6}.Release|Any CPU.ActiveCfg = Release|Any CPU
	EndGlobalSection
	GlobalSection(SolutionProperties) = preSolution
		HideSolutionNode = FALSE
	EndGlobalSection
	GlobalSection(ExtensibilityGlobals) = postSolution
		SolutionGuid = {82DE91C8-C6DB-4475-A15C-D0C801623C38}
	EndGlobalSection
EndGlobal
